
Microsoft Visual Studio Solution File, Format Version 12.00
# Visual Studio 15
VisualStudioVersion = 15.0.25302.0
MinimumVisualStudioVersion = 10.0.40219.1
Project("{FAE04EC0-301F-11D3-BF4B-00C04F79EFBC}") = "PerfectSquaresBenchmarking", "PerfectSquaresBenchmarking\PerfectSquaresBenchmarking.csproj", "{4095E04E-7246-4C3C-A721-B7E3BD29632E}"
EndProject
Project("{FAE04EC0-301F-11D3-BF4B-00C04F79EFBC}") = "PerfectSquaresTesting", "PerfectSquaresTesting\PerfectSquaresTesting.csproj", "{F5123594-4F45-42BE-A0E3-446836AFDB02}"
EndProject
Global
	GlobalSection(SolutionConfigurationPlatforms) = preSolution
		Debug|Any CPU = Debug|Any CPU
		Release|Any CPU = Release|Any CPU
	EndGlobalSection
	GlobalSection(ProjectConfigurationPlatforms) = postSolution
		{4095E04E-7246-4C3C-A721-B7E3BD29632E}.Debug|Any CPU.ActiveCfg = Debug|Any CPU
		{4095E04E-7246-4C3C-A721-B7E3BD29632E}.Debug|Any CPU.Build.0 = Debug|Any CPU
		{4095E04E-7246-4C3C-A721-B7E3BD29632E}.Release|Any CPU.ActiveCfg = Release|Any CPU
		{4095E04E-7246-4C3C-A721-B7E3BD29632E}.Release|Any CPU.Build.0 = Release|Any CPU
		{F5123594-4F45-42BE-A0E3-446836AFDB02}.Debug|Any CPU.ActiveCfg = Debug|Any CPU
		{F5123594-4F45-42BE-A0E3-446836AFDB02}.Debug|Any CPU.Build.0 = Debug|Any CPU
		{F5123594-4F45-42BE-A0E3-446836AFDB02}.Release|Any CPU.ActiveCfg = Release|Any CPU
		{F5123594-4F45-42BE-A0E3-446836AFDB02}.Release|Any CPU.Build.0 = Release|Any CPU
	EndGlobalSection
	GlobalSection(SolutionProperties) = preSolution
		HideSolutionNode = FALSE
	EndGlobalSection
EndGlobal
